{
  "name": "library-online",
  "version": "1.0.0",
  "lockfileVersion": 2,
  "requires": true,
  "packages": {
    "": {
      "name": "library-online",
      "version": "1.0.0",
      "license": "ISC",
      "dependencies": {
        "amd": "^0.0.0"
      }
    },
    "node_modules/amd": {
      "version": "0.0.0",
      "resolved": "https://registry.npmjs.org/amd/-/amd-0.0.0.tgz",
      "integrity": "sha1-mJg0E9HxXrv7LqcnhrjU/GC19hE=",
      "bin": {
        "amd": "go.js"
      },
      "engines": {
        "node": "*"
      }
    }
  },
  "dependencies": {
    "amd": {
      "version": "0.0.0",
      "resolved": "https://registry.npmjs.org/amd/-/amd-0.0.0.tgz",
      "integrity": "sha1-mJg0E9HxXrv7LqcnhrjU/GC19hE="
    }
  }
}
